<?xml version="1.0" encoding="utf-8"?>
<Project ToolsVersion="4.0" xmlns="http://schemas.microsoft.com/developer/msbuild/2003">
  <ItemGroup>
    <Filter Include="Archivos de recursos">
      <UniqueIdentifier>{67DA6AB6-F800-4c08-8B7A-83BB121AAD01}</UniqueIdentifier>
      <Extensions>rc;ico;cur;bmp;dlg;rc2;rct;bin;rgs;gif;jpg;jpeg;jpe;resx;tiff;tif;png;wav;mfcribbon-ms</Extensions>
    </Filter>
    <Filter Include="MeigaBaseEngine">
      <UniqueIdentifier>{93995380-89BD-4b04-88EB-625FBE52EBFB}</UniqueIdentifier>
      <Extensions>h;hh;hpp;hxx;h++;hm;inl;inc;ipp;xsd</Extensions>
    </Filter>
    <Filter Include="DirectX">
      <UniqueIdentifier>{5da55676-b55f-448b-bd5a-3a54bfba6e1b}</UniqueIdentifier>
    </Filter>
    <Filter Include="Shaders">
      <UniqueIdentifier>{857b4b62-b422-47db-8dac-991b519497b1}</UniqueIdentifier>
    </Filter>
    <Filter Include="MeigaBaseEngine\ErrorHandling">
      <UniqueIdentifier>{1ce2b344-a2ce-4db5-80e5-2a15ddbaa3b9}</UniqueIdentifier>
    </Filter>
    <Filter Include="MeigaBaseEngine\Bindable">
      <UniqueIdentifier>{cb182984-2fd2-44c5-832a-ed733c795f9e}</UniqueIdentifier>
    </Filter>
    <Filter Include="MeigaBaseEngine\Drawable">
      <UniqueIdentifier>{b2051f2e-eb0c-414e-af31-c727cdb7410a}</UniqueIdentifier>
    </Filter>
    <Filter Include="MeigaBaseEngine\Drawable\Primitives">
      <UniqueIdentifier>{b5c8ee78-ce7c-461d-aff3-3eda1eaa30c5}</UniqueIdentifier>
    </Filter>
    <Filter Include="ImGui">
      <UniqueIdentifier>{d8a450be-8c99-4258-9530-4f2c432375f8}</UniqueIdentifier>
    </Filter>
  </ItemGroup>
  <ItemGroup>
    <ClCompile Include="App.cpp">
      <Filter>MeigaBaseEngine</Filter>
    </ClCompile>
    <ClCompile Include="dxerr.cpp">
      <Filter>DirectX</Filter>
    </ClCompile>
    <ClCompile Include="DxgiInfoManager.cpp">
      <Filter>DirectX</Filter>
    </ClCompile>
    <ClCompile Include="Graphics.cpp">
      <Filter>MeigaBaseEngine</Filter>
    </ClCompile>
    <ClCompile Include="Keyboard.cpp">
      <Filter>MeigaBaseEngine</Filter>
    </ClCompile>
    <ClCompile Include="Mouse.cpp">
      <Filter>MeigaBaseEngine</Filter>
    </ClCompile>
    <ClCompile Include="Timer.cpp">
      <Filter>MeigaBaseEngine</Filter>
    </ClCompile>
    <ClCompile Include="Window.cpp">
      <Filter>MeigaBaseEngine</Filter>
    </ClCompile>
    <ClCompile Include="WinMain.cpp">
      <Filter>MeigaBaseEngine</Filter>
    </ClCompile>
    <ClCompile Include="MeigaException.cpp">
      <Filter>MeigaBaseEngine\ErrorHandling</Filter>
    </ClCompile>
    <ClCompile Include="Bindable.cpp">
      <Filter>MeigaBaseEngine\Bindable</Filter>
    </ClCompile>
    <ClCompile Include="VertexBuffer.cpp">
      <Filter>MeigaBaseEngine\Bindable</Filter>
    </ClCompile>
    <ClCompile Include="VertexShader.cpp">
      <Filter>MeigaBaseEngine\Bindable</Filter>
    </ClCompile>
    <ClCompile Include="TransformCbuf.cpp">
      <Filter>MeigaBaseEngine\Bindable</Filter>
    </ClCompile>
    <ClCompile Include="IndexBuffer.cpp">
      <Filter>MeigaBaseEngine\Bindable</Filter>
    </ClCompile>
    <ClCompile Include="InputLayout.cpp">
      <Filter>MeigaBaseEngine\Bindable</Filter>
    </ClCompile>
    <ClCompile Include="PixelShader.cpp">
      <Filter>MeigaBaseEngine\Bindable</Filter>
    </ClCompile>
    <ClCompile Include="Topology.cpp">
      <Filter>MeigaBaseEngine\Bindable</Filter>
    </ClCompile>
    <ClCompile Include="Drawable.cpp">
      <Filter>MeigaBaseEngine\Drawable</Filter>
    </ClCompile>
    <ClCompile Include="Box.cpp">
      <Filter>MeigaBaseEngine\Drawable</Filter>
    </ClCompile>
    <ClCompile Include="GDIPlusManager.cpp">
      <Filter>MeigaBaseEngine</Filter>
    </ClCompile>
    <ClCompile Include="Surface.cpp">
      <Filter>MeigaBaseEngine</Filter>
    </ClCompile>
    <ClCompile Include="Texture.cpp">
      <Filter>MeigaBaseEngine</Filter>
    </ClCompile>
    <ClCompile Include="Sampler.cpp">
      <Filter>MeigaBaseEngine</Filter>
    </ClCompile>
    <ClCompile Include="Sheet.cpp">
      <Filter>MeigaBaseEngine\Drawable</Filter>
    </ClCompile>
    <ClCompile Include="SkinnedBox.cpp">
      <Filter>MeigaBaseEngine\Drawable</Filter>
    </ClCompile>
    <ClCompile Include="ImGuiManager.cpp">
      <Filter>MeigaBaseEngine</Filter>
    </ClCompile>
    <ClCompile Include="imgui.cpp">
      <Filter>ImGui</Filter>
    </ClCompile>
    <ClCompile Include="imgui_demo.cpp">
      <Filter>ImGui</Filter>
    </ClCompile>
    <ClCompile Include="imgui_impl_dx11.cpp">
      <Filter>ImGui</Filter>
    </ClCompile>
    <ClCompile Include="imgui_impl_win32.cpp">
      <Filter>ImGui</Filter>
    </ClCompile>
    <ClCompile Include="imgui_tables.cpp">
      <Filter>ImGui</Filter>
    </ClCompile>
    <ClCompile Include="imgui_widgets.cpp">
      <Filter>ImGui</Filter>
    </ClCompile>
    <ClCompile Include="imgui_draw.cpp">
      <Filter>ImGui</Filter>
    </ClCompile>
  </ItemGroup>
  <ItemGroup>
    <ClInclude Include="Window.h">
      <Filter>MeigaBaseEngine</Filter>
    </ClInclude>
    <ClInclude Include="resource.h">
      <Filter>MeigaBaseEngine</Filter>
    </ClInclude>
    <ClInclude Include="WinInclude.h">
      <Filter>MeigaBaseEngine</Filter>
    </ClInclude>
    <ClInclude Include="Keyboard.h">
      <Filter>MeigaBaseEngine</Filter>
    </ClInclude>
    <ClInclude Include="Mouse.h">
      <Filter>MeigaBaseEngine</Filter>
    </ClInclude>
    <ClInclude Include="App.h">
      <Filter>MeigaBaseEngine</Filter>
    </ClInclude>
    <ClInclude Include="Timer.h">
      <Filter>MeigaBaseEngine</Filter>
    </ClInclude>
    <ClInclude Include="Graphics.h">
      <Filter>MeigaBaseEngine</Filter>
    </ClInclude>
    <ClInclude Include="dxerr.h">
      <Filter>DirectX</Filter>
    </ClInclude>
    <ClInclude Include="DxgiInfoManager.h">
      <Filter>DirectX</Filter>
    </ClInclude>
    <ClInclude Include="GraphicsThrowMacros.h">
      <Filter>MeigaBaseEngine\ErrorHandling</Filter>
    </ClInclude>
    <ClInclude Include="MeigaException.h">
      <Filter>MeigaBaseEngine\ErrorHandling</Filter>
    </ClInclude>
    <ClInclude Include="WindowsThrowMacros.h">
      <Filter>MeigaBaseEngine\ErrorHandling</Filter>
    </ClInclude>
    <ClInclude Include="Bindable.h">
      <Filter>MeigaBaseEngine\Bindable</Filter>
    </ClInclude>
    <ClInclude Include="BindableBase.h">
      <Filter>MeigaBaseEngine\Bindable</Filter>
    </ClInclude>
    <ClInclude Include="VertexBuffer.h">
      <Filter>MeigaBaseEngine\Bindable</Filter>
    </ClInclude>
    <ClInclude Include="ConstantBuffers.h">
      <Filter>MeigaBaseEngine\Bindable</Filter>
    </ClInclude>
    <ClInclude Include="VertexShader.h">
      <Filter>MeigaBaseEngine\Bindable</Filter>
    </ClInclude>
    <ClInclude Include="TransformCbuf.h">
      <Filter>MeigaBaseEngine\Bindable</Filter>
    </ClInclude>
    <ClInclude Include="Topology.h">
      <Filter>MeigaBaseEngine\Bindable</Filter>
    </ClInclude>
    <ClInclude Include="PixelShader.h">
      <Filter>MeigaBaseEngine\Bindable</Filter>
    </ClInclude>
    <ClInclude Include="IndexBuffer.h">
      <Filter>MeigaBaseEngine\Bindable</Filter>
    </ClInclude>
    <ClInclude Include="InputLayout.h">
      <Filter>MeigaBaseEngine\Bindable</Filter>
    </ClInclude>
    <ClInclude Include="Drawable.h">
      <Filter>MeigaBaseEngine\Drawable</Filter>
    </ClInclude>
    <ClInclude Include="Box.h">
      <Filter>MeigaBaseEngine\Drawable</Filter>
    </ClInclude>
    <ClInclude Include="DrawableBase.h">
      <Filter>MeigaBaseEngine\Drawable</Filter>
    </ClInclude>
    <ClInclude Include="MeigaMath.h">
      <Filter>MeigaBaseEngine</Filter>
    </ClInclude>
    <ClInclude Include="Sphere.h">
      <Filter>MeigaBaseEngine\Drawable\Primitives</Filter>
    </ClInclude>
    <ClInclude Include="Prism.h">
      <Filter>MeigaBaseEngine\Drawable\Primitives</Filter>
    </ClInclude>
    <ClInclude Include="Plane.h">
      <Filter>MeigaBaseEngine\Drawable\Primitives</Filter>
    </ClInclude>
    <ClInclude Include="IndexedTriangleList.h">
      <Filter>MeigaBaseEngine\Drawable\Primitives</Filter>
    </ClInclude>
    <ClInclude Include="Cube.h">
      <Filter>MeigaBaseEngine\Drawable\Primitives</Filter>
    </ClInclude>
    <ClInclude Include="GDIPlusManager.h">
      <Filter>MeigaBaseEngine</Filter>
    </ClInclude>
    <ClInclude Include="Surface.h">
      <Filter>MeigaBaseEngine</Filter>
    </ClInclude>
    <ClInclude Include="Texture.h">
      <Filter>MeigaBaseEngine</Filter>
    </ClInclude>
    <ClInclude Include="Sampler.h">
      <Filter>MeigaBaseEngine</Filter>
    </ClInclude>
    <ClInclude Include="Sheet.h">
      <Filter>MeigaBaseEngine\Drawable</Filter>
    </ClInclude>
    <ClInclude Include="SkinnedBox.h">
      <Filter>MeigaBaseEngine\Drawable</Filter>
    </ClInclude>
    <ClInclude Include="ImGuiManager.h">
      <Filter>MeigaBaseEngine</Filter>
    </ClInclude>
    <ClInclude Include="imconfig.h">
      <Filter>ImGui</Filter>
    </ClInclude>
    <ClInclude Include="imgui.h">
      <Filter>ImGui</Filter>
    </ClInclude>
    <ClInclude Include="imgui_impl_dx11.h">
      <Filter>ImGui</Filter>
    </ClInclude>
    <ClInclude Include="imgui_impl_win32.h">
      <Filter>ImGui</Filter>
    </ClInclude>
    <ClInclude Include="imgui_internal.h">
      <Filter>ImGui</Filter>
    </ClInclude>
    <ClInclude Include="imstb_rectpack.h">
      <Filter>ImGui</Filter>
    </ClInclude>
    <ClInclude Include="imstb_textedit.h">
      <Filter>ImGui</Filter>
    </ClInclude>
    <ClInclude Include="imstb_truetype.h">
      <Filter>ImGui</Filter>
    </ClInclude>
  </ItemGroup>
  <ItemGroup>
    <ResourceCompile Include="MeigaEngine.rc">
      <Filter>Archivos de recursos</Filter>
    </ResourceCompile>
  </ItemGroup>
  <ItemGroup>
    <Image Include="Meiga.ico">
      <Filter>Archivos de recursos</Filter>
    </Image>
    <Image Include="Images\Fobian.png">
      <Filter>Archivos de recursos</Filter>
    </Image>
    <Image Include="Images\smug.png">
      <Filter>Archivos de recursos</Filter>
    </Image>
  </ItemGroup>
  <ItemGroup>
    <None Include="DXGetErrorDescription.inl">
      <Filter>DirectX</Filter>
    </None>
    <None Include="DXGetErrorString.inl">
      <Filter>DirectX</Filter>
    </None>
    <None Include="DXTrace.inl">
      <Filter>DirectX</Filter>
    </None>
    <None Include=".editorconfig">
      <Filter>ImGui</Filter>
    </None>
    <None Include="imgui.ini">
      <Filter>ImGui</Filter>
    </None>
  </ItemGroup>
  <ItemGroup>
    <FxCompile Include="VertexShader.hlsl">
      <Filter>Shaders</Filter>
    </FxCompile>
    <FxCompile Include="PixelShader.hlsl">
      <Filter>Shaders</Filter>
    </FxCompile>
    <FxCompile Include="DiffuseVertexShader.hlsl">
      <Filter>Shaders</Filter>
    </FxCompile>
    <FxCompile Include="DiffusePixelShader.hlsl">
      <Filter>Shaders</Filter>
    </FxCompile>
  </ItemGroup>
</Project>